{
  "name": "test",
  "lockfileVersion": 2,
  "requires": true,
  "packages": {
    "": {
      "dependencies": {
        "zgy-uni": "^1.0.1"
      }
    },
    "node_modules/zgy-uni": {
      "version": "1.0.1",
      "resolved": "https://registry.npmjs.org/zgy-uni/-/zgy-uni-1.0.1.tgz",
      "integrity": "sha512-tojMFJZG8FLqAgTqkh20FsWCpe6YnttxxP1jD1/Cps21/gpJd3E/qKkDv+ao/VpFbLvZD2hM2JiGyxCCdB4HbA==",
      "license": "ISC"
    }
  },
  "dependencies": {
    "zgy-uni": {
      "version": "1.0.1",
      "resolved": "https://registry.npmjs.org/zgy-uni/-/zgy-uni-1.0.1.tgz",
      "integrity": "sha512-tojMFJZG8FLqAgTqkh20FsWCpe6YnttxxP1jD1/Cps21/gpJd3E/qKkDv+ao/VpFbLvZD2hM2JiGyxCCdB4HbA=="
    }
  }
}
